lockfileVersion: '9.0'

settings:
  autoInstallPeers: true
  excludeLinksFromLockfile: false

importers:

  .:
    dependencies:
      colorjs.io:
        specifier: ^0.5.2
        version: 0.5.2
      readline:
        specifier: ^1.3.0
        version: 1.3.0

packages:

  colorjs.io@0.5.2:
    resolution: {integrity: sha512-twmVoizEW7ylZSN32OgKdXRmo1qg+wT5/6C3xu5b9QsWzSFAhHLn2xd8ro0diCsKfCj1RdaTP/nrcW+vAoQPIw==}

  readline@1.3.0:
    resolution: {integrity: sha512-k2d6ACCkiNYz222Fs/iNze30rRJ1iIicW7JuX/7/cozvih6YCkFZH+J6mAFDVgv0dRBaAyr4jDqC95R2y4IADg==}

snapshots:

  colorjs.io@0.5.2: {}

  readline@1.3.0: {}
